
Microsoft Visual Studio Solution File, Format Version 12.00
# Visual Studio 14
VisualStudioVersion = 14.0.24720.0
MinimumVisualStudioVersion = 10.0.40219.1
Project("{FAE04EC0-301F-11D3-BF4B-00C04F79EFBC}") = "Forelasning1", "Forelasning1\Forelasning1.csproj", "{F477D6F4-1D50-46DC-9587-2173AADB1820}"
EndProject
Project("{FAE04EC0-301F-11D3-BF4B-00C04F79EFBC}") = "Labb1_2", "Labb1\Labb1_2.csproj", "{5FD908F5-4C35-4DFB-978B-89D2D78BFC2F}"
EndProject
Project("{2150E333-8FDC-42A3-9474-1A3956D46DE8}") = "Föreläsningar", "Föreläsningar", "{E63E84E7-E005-426F-A835-1B330ECB0123}"
EndProject
Project("{2150E333-8FDC-42A3-9474-1A3956D46DE8}") = "Labbar", "Labbar", "{6F9F8D24-6E4D-40B7-B3E0-687025300A73}"
EndProject
Project("{FAE04EC0-301F-11D3-BF4B-00C04F79EFBC}") = "Forelasning2", "forelasning2\Forelasning2.csproj", "{78A93EE0-75DB-4095-9105-2978E4C2947B}"
EndProject
Project("{FAE04EC0-301F-11D3-BF4B-00C04F79EFBC}") = "NetOnNet", "NetOnNet\NetOnNet.csproj", "{C7B7007D-8BCD-45F7-8F3F-071C28740D2F}"
EndProject
Project("{FAE04EC0-301F-11D3-BF4B-00C04F79EFBC}") = "Elgiganten", "Elgiganten\Elgiganten.csproj", "{74713DC2-E2AA-4714-A786-669CCAC8D181}"
EndProject
Project("{FAE04EC0-301F-11D3-BF4B-00C04F79EFBC}") = "Forelasning3", "Forelasning3\Forelasning3.csproj", "{23F722BC-1ECF-47CE-8BAD-CF6FA1189392}"
EndProject
Project("{FAE04EC0-301F-11D3-BF4B-00C04F79EFBC}") = "CssInDifferentWays", "Labb3\CssInDifferentWays.csproj", "{4B1D811F-58D6-4534-A220-3712DDE9E520}"
EndProject
Project("{2150E333-8FDC-42A3-9474-1A3956D46DE8}") = "Labb3", "Labb3", "{B27D6CE9-D731-4A0C-8E6A-20072055C531}"
EndProject
Project("{FAE04EC0-301F-11D3-BF4B-00C04F79EFBC}") = "ResponsiveCSS", "ResponsiveCSS\ResponsiveCSS.csproj", "{E7272380-B049-4017-B7BF-9D78F116655F}"
EndProject
Project("{FAE04EC0-301F-11D3-BF4B-00C04F79EFBC}") = "Dingeling Postits", "Dingeling Postits\Dingeling Postits.csproj", "{8F81F0DC-1D80-4FED-808D-9A89A6D3DD03}"
EndProject
Project("{FAE04EC0-301F-11D3-BF4B-00C04F79EFBC}") = "Flexbox_sohail", "Flexbox_sohail\Flexbox_sohail.csproj", "{D47A488C-D119-42F6-98CA-A72ADF3D9956}"
EndProject
Project("{FAE04EC0-301F-11D3-BF4B-00C04F79EFBC}") = "Iphone", "Iphone\Iphone.csproj", "{168EEF56-4487-41E5-B123-0EB23456B8B7}"
EndProject
Project("{FAE04EC0-301F-11D3-BF4B-00C04F79EFBC}") = "Labb4", "Labb4\Labb4.csproj", "{B69D013E-EFD0-4AC4-9F7E-3F60E925C7B6}"
EndProject
Project("{FAE04EC0-301F-11D3-BF4B-00C04F79EFBC}") = "Forelasning8", "Forelasning8\Forelasning8.csproj", "{2A5B3C01-C93F-4572-92FA-664D9710A314}"
EndProject
Project("{FAE04EC0-301F-11D3-BF4B-00C04F79EFBC}") = "Flipping-Card", "Flipping-Card\Flipping-Card.csproj", "{43395D78-321D-4D03-8A83-5C32AA4F8ECE}"
EndProject
Global
	GlobalSection(SolutionConfigurationPlatforms) = preSolution
		Debug|Any CPU = Debug|Any CPU
		Release|Any CPU = Release|Any CPU
	EndGlobalSection
	GlobalSection(ProjectConfigurationPlatforms) = postSolution
		{F477D6F4-1D50-46DC-9587-2173AADB1820}.Debug|Any CPU.ActiveCfg = Debug|Any CPU
		{F477D6F4-1D50-46DC-9587-2173AADB1820}.Debug|Any CPU.Build.0 = Debug|Any CPU
		{F477D6F4-1D50-46DC-9587-2173AADB1820}.Release|Any CPU.ActiveCfg = Release|Any CPU
		{F477D6F4-1D50-46DC-9587-2173AADB1820}.Release|Any CPU.Build.0 = Release|Any CPU
		{5FD908F5-4C35-4DFB-978B-89D2D78BFC2F}.Debug|Any CPU.ActiveCfg = Debug|Any CPU
		{5FD908F5-4C35-4DFB-978B-89D2D78BFC2F}.Debug|Any CPU.Build.0 = Debug|Any CPU
		{5FD908F5-4C35-4DFB-978B-89D2D78BFC2F}.Release|Any CPU.ActiveCfg = Release|Any CPU
		{5FD908F5-4C35-4DFB-978B-89D2D78BFC2F}.Release|Any CPU.Build.0 = Release|Any CPU
		{78A93EE0-75DB-4095-9105-2978E4C2947B}.Debug|Any CPU.ActiveCfg = Debug|Any CPU
		{78A93EE0-75DB-4095-9105-2978E4C2947B}.Debug|Any CPU.Build.0 = Debug|Any CPU
		{78A93EE0-75DB-4095-9105-2978E4C2947B}.Release|Any CPU.ActiveCfg = Release|Any CPU
		{78A93EE0-75DB-4095-9105-2978E4C2947B}.Release|Any CPU.Build.0 = Release|Any CPU
		{C7B7007D-8BCD-45F7-8F3F-071C28740D2F}.Debug|Any CPU.ActiveCfg = Debug|Any CPU
		{C7B7007D-8BCD-45F7-8F3F-071C28740D2F}.Debug|Any CPU.Build.0 = Debug|Any CPU
		{C7B7007D-8BCD-45F7-8F3F-071C28740D2F}.Release|Any CPU.ActiveCfg = Release|Any CPU
		{C7B7007D-8BCD-45F7-8F3F-071C28740D2F}.Release|Any CPU.Build.0 = Release|Any CPU
		{74713DC2-E2AA-4714-A786-669CCAC8D181}.Debug|Any CPU.ActiveCfg = Debug|Any CPU
		{74713DC2-E2AA-4714-A786-669CCAC8D181}.Debug|Any CPU.Build.0 = Debug|Any CPU
		{74713DC2-E2AA-4714-A786-669CCAC8D181}.Release|Any CPU.ActiveCfg = Release|Any CPU
		{74713DC2-E2AA-4714-A786-669CCAC8D181}.Release|Any CPU.Build.0 = Release|Any CPU
		{23F722BC-1ECF-47CE-8BAD-CF6FA1189392}.Debug|Any CPU.ActiveCfg = Debug|Any CPU
		{23F722BC-1ECF-47CE-8BAD-CF6FA1189392}.Debug|Any CPU.Build.0 = Debug|Any CPU
		{23F722BC-1ECF-47CE-8BAD-CF6FA1189392}.Release|Any CPU.ActiveCfg = Release|Any CPU
		{23F722BC-1ECF-47CE-8BAD-CF6FA1189392}.Release|Any CPU.Build.0 = Release|Any CPU
		{4B1D811F-58D6-4534-A220-3712DDE9E520}.Debug|Any CPU.ActiveCfg = Debug|Any CPU
		{4B1D811F-58D6-4534-A220-3712DDE9E520}.Debug|Any CPU.Build.0 = Debug|Any CPU
		{4B1D811F-58D6-4534-A220-3712DDE9E520}.Release|Any CPU.ActiveCfg = Release|Any CPU
		{4B1D811F-58D6-4534-A220-3712DDE9E520}.Release|Any CPU.Build.0 = Release|Any CPU
		{E7272380-B049-4017-B7BF-9D78F116655F}.Debug|Any CPU.ActiveCfg = Debug|Any CPU
		{E7272380-B049-4017-B7BF-9D78F116655F}.Debug|Any CPU.Build.0 = Debug|Any CPU
		{E7272380-B049-4017-B7BF-9D78F116655F}.Release|Any CPU.ActiveCfg = Release|Any CPU
		{E7272380-B049-4017-B7BF-9D78F116655F}.Release|Any CPU.Build.0 = Release|Any CPU
		{8F81F0DC-1D80-4FED-808D-9A89A6D3DD03}.Debug|Any CPU.ActiveCfg = Debug|Any CPU
		{8F81F0DC-1D80-4FED-808D-9A89A6D3DD03}.Debug|Any CPU.Build.0 = Debug|Any CPU
		{8F81F0DC-1D80-4FED-808D-9A89A6D3DD03}.Release|Any CPU.ActiveCfg = Release|Any CPU
		{8F81F0DC-1D80-4FED-808D-9A89A6D3DD03}.Release|Any CPU.Build.0 = Release|Any CPU
		{D47A488C-D119-42F6-98CA-A72ADF3D9956}.Debug|Any CPU.ActiveCfg = Debug|Any CPU
		{D47A488C-D119-42F6-98CA-A72ADF3D9956}.Debug|Any CPU.Build.0 = Debug|Any CPU
		{D47A488C-D119-42F6-98CA-A72ADF3D9956}.Release|Any CPU.ActiveCfg = Release|Any CPU
		{D47A488C-D119-42F6-98CA-A72ADF3D9956}.Release|Any CPU.Build.0 = Release|Any CPU
		{168EEF56-4487-41E5-B123-0EB23456B8B7}.Debug|Any CPU.ActiveCfg = Debug|Any CPU
		{168EEF56-4487-41E5-B123-0EB23456B8B7}.Debug|Any CPU.Build.0 = Debug|Any CPU
		{168EEF56-4487-41E5-B123-0EB23456B8B7}.Release|Any CPU.ActiveCfg = Release|Any CPU
		{168EEF56-4487-41E5-B123-0EB23456B8B7}.Release|Any CPU.Build.0 = Release|Any CPU
		{B69D013E-EFD0-4AC4-9F7E-3F60E925C7B6}.Debug|Any CPU.ActiveCfg = Debug|Any CPU
		{B69D013E-EFD0-4AC4-9F7E-3F60E925C7B6}.Debug|Any CPU.Build.0 = Debug|Any CPU
		{B69D013E-EFD0-4AC4-9F7E-3F60E925C7B6}.Release|Any CPU.ActiveCfg = Release|Any CPU
		{B69D013E-EFD0-4AC4-9F7E-3F60E925C7B6}.Release|Any CPU.Build.0 = Release|Any CPU
		{2A5B3C01-C93F-4572-92FA-664D9710A314}.Debug|Any CPU.ActiveCfg = Debug|Any CPU
		{2A5B3C01-C93F-4572-92FA-664D9710A314}.Debug|Any CPU.Build.0 = Debug|Any CPU
		{2A5B3C01-C93F-4572-92FA-664D9710A314}.Release|Any CPU.ActiveCfg = Release|Any CPU
		{2A5B3C01-C93F-4572-92FA-664D9710A314}.Release|Any CPU.Build.0 = Release|Any CPU
		{43395D78-321D-4D03-8A83-5C32AA4F8ECE}.Debug|Any CPU.ActiveCfg = Debug|Any CPU
		{43395D78-321D-4D03-8A83-5C32AA4F8ECE}.Debug|Any CPU.Build.0 = Debug|Any CPU
		{43395D78-321D-4D03-8A83-5C32AA4F8ECE}.Release|Any CPU.ActiveCfg = Release|Any CPU
		{43395D78-321D-4D03-8A83-5C32AA4F8ECE}.Release|Any CPU.Build.0 = Release|Any CPU
	EndGlobalSection
	GlobalSection(SolutionProperties) = preSolution
		HideSolutionNode = FALSE
	EndGlobalSection
	GlobalSection(NestedProjects) = preSolution
		{F477D6F4-1D50-46DC-9587-2173AADB1820} = {E63E84E7-E005-426F-A835-1B330ECB0123}
		{5FD908F5-4C35-4DFB-978B-89D2D78BFC2F} = {6F9F8D24-6E4D-40B7-B3E0-687025300A73}
		{78A93EE0-75DB-4095-9105-2978E4C2947B} = {E63E84E7-E005-426F-A835-1B330ECB0123}
		{C7B7007D-8BCD-45F7-8F3F-071C28740D2F} = {E63E84E7-E005-426F-A835-1B330ECB0123}
		{74713DC2-E2AA-4714-A786-669CCAC8D181} = {E63E84E7-E005-426F-A835-1B330ECB0123}
		{23F722BC-1ECF-47CE-8BAD-CF6FA1189392} = {E63E84E7-E005-426F-A835-1B330ECB0123}
		{4B1D811F-58D6-4534-A220-3712DDE9E520} = {B27D6CE9-D731-4A0C-8E6A-20072055C531}
		{B27D6CE9-D731-4A0C-8E6A-20072055C531} = {6F9F8D24-6E4D-40B7-B3E0-687025300A73}
		{E7272380-B049-4017-B7BF-9D78F116655F} = {B27D6CE9-D731-4A0C-8E6A-20072055C531}
		{8F81F0DC-1D80-4FED-808D-9A89A6D3DD03} = {B27D6CE9-D731-4A0C-8E6A-20072055C531}
		{D47A488C-D119-42F6-98CA-A72ADF3D9956} = {E63E84E7-E005-426F-A835-1B330ECB0123}
		{168EEF56-4487-41E5-B123-0EB23456B8B7} = {B27D6CE9-D731-4A0C-8E6A-20072055C531}
		{B69D013E-EFD0-4AC4-9F7E-3F60E925C7B6} = {6F9F8D24-6E4D-40B7-B3E0-687025300A73}
		{2A5B3C01-C93F-4572-92FA-664D9710A314} = {E63E84E7-E005-426F-A835-1B330ECB0123}
		{43395D78-321D-4D03-8A83-5C32AA4F8ECE} = {E63E84E7-E005-426F-A835-1B330ECB0123}
	EndGlobalSection
EndGlobal
